PODS:
  - AFNetworking (2.5.0):
    - AFNetworking/NSURLConnection (= 2.5.0)
    - AFNetworking/NSURLSession (= 2.5.0)
    - AFNetworking/Reachability (= 2.5.0)
    - AFNetworking/Security (= 2.5.0)
    - AFNetworking/Serialization (= 2.5.0)
    - AFNetworking/UIKit (= 2.5.0)
  - AFNetworking/NSURLConnection (2.5.0):
    - AFNetworking/Reachability
    - AFNetworking/Security
    - AFNetworking/Serialization
  - AFNetworking/NSURLSession (2.5.0):
    - AFNetworking/Reachability
    - AFNetworking/Security
    - AFNetworking/Serialization
  - AFNetworking/Reachability (2.5.0)
  - AFNetworking/Security (2.5.0)
  - AFNetworking/Serialization (2.5.0)
  - AFNetworking/UIKit (2.5.0):
    - AFNetworking/NSURLConnection
    - AFNetworking/NSURLSession
  - AFOAuth2Manager (2.0.0):
    - AFNetworking (~> 2.2)
  - AWSiOSSDK/Runtime (1.7.1)
  - AWSiOSSDK/S3 (1.7.1):
    - AWSiOSSDK/Runtime
  - BButton (4.0.2)
  - CocoaLumberjack (1.9.2):
    - CocoaLumberjack/Extensions (= 1.9.2)
  - CocoaLumberjack/Core (1.9.2)
  - CocoaLumberjack/Extensions (1.9.2):
    - CocoaLumberjack/Core
  - FFmpeg (2.2):
    - FFmpeg/precompiled (= 2.2)
  - FFmpeg/precompiled (2.2)
  - FFmpegWrapper (1.0):
    - FFmpeg (~> 2.2)
  - FormatterKit/TimeIntervalFormatter (1.7.5)
  - Kickflip (1.2):
    - AFNetworking (~> 2.2)
    - AFOAuth2Manager (~> 2.0)
    - AWSiOSSDK/S3 (~> 1.7)
    - CocoaLumberjack (~> 1.0)
    - FFmpegWrapper (~> 1.0)
    - FormatterKit/TimeIntervalFormatter (~> 1.4)
    - Mantle (~> 1.4)
    - PureLayout (~> 2.0)
    - SDWebImage (~> 3.6)
    - SSKeychain (~> 1.2)
  - Mantle (1.5.1):
    - Mantle/extobjc (= 1.5.1)
  - Mantle/extobjc (1.5.1)
  - PureLayout (2.0.4)
  - SDWebImage (3.7.1):
    - SDWebImage/Core (= 3.7.1)
  - SDWebImage/Core (3.7.1)
  - SSKeychain (1.2.2)
  - SSPullToRefresh (1.2.2)
  - UIAlertView-Blocks (1.0)
  - VTAcknowledgementsViewController (0.12)
  - YapDatabase (2.5.4):
    - YapDatabase/standard (= 2.5.4)
  - YapDatabase/common (2.5.4):
    - CocoaLumberjack (~> 1)
  - YapDatabase/standard (2.5.4):
    - YapDatabase/common

DEPENDENCIES:
  - BButton (~> 4.0)
  - Kickflip (~> 1.2)
  - SSPullToRefresh (~> 1.2)
  - UIAlertView-Blocks (~> 1.0)
  - VTAcknowledgementsViewController (~> 0.10)
  - YapDatabase (~> 2.5)

SPEC CHECKSUMS:
  AFNetworking: 96ac9bf3eda33582701cb1fcc5b896aa1e20311e
  AFOAuth2Manager: 247d23d9d7a7a4297a00346c6ff07d130d8433c0
  AWSiOSSDK: 279b4e76fac3bf58da325e9ce62a04dce0d08bcd
  BButton: ab0f2ed3b998ae73c5188b57d270d81e4a1eeb27
  CocoaLumberjack: 628fca2e88ef06f7cf6817309aa405f325d9a6fa
  FFmpeg: e004e90bdac48219b272e7bea11671a25bb0a9b9
  FFmpegWrapper: 9a932581137d17203e842ce942e171158336ae16
  FormatterKit: a0c0674b06fda3ce910af9f2358ed0ed868fb48b
  Kickflip: 68906d78f6bf66b7ec660f380af03c38b60bb3eb
  Mantle: 1ec9076f091f3a2f95cb2c94939e92dba35c97e1
  PureLayout: 39ab7d09edec14750ba3982bf19126916861bba5
  SDWebImage: ed3095af2ff88b436426037444979b917f6c5575
  SSKeychain: 88767e903ee8d274ed380e364d96b7a101235286
  SSPullToRefresh: 699d592f8e4264edc36b20b49d60f25eeb5fb77d
  UIAlertView-Blocks: 7904744fca618afbd2ec646608924f5e69d5acd1
  VTAcknowledgementsViewController: 5ef73fca3a6179a5488a86ea99d3c7018e8e2fcb
  YapDatabase: 52370b36f692e23c41c86e60f3bbf81b1c8ae44a

COCOAPODS: 0.35.0
